
Microsoft Visual Studio Solution File, Format Version 12.00
# Visual Studio Version 16
VisualStudioVersion = 16.0.33027.164
MinimumVisualStudioVersion = 10.0.40219.1
Project("{FAE04EC0-301F-11D3-BF4B-00C04F79EFBC}") = "lab2ex4", "lab2ex4\lab2ex4.csproj", "{F84EA681-290F-481C-839F-2DA81846A9F1}"
EndProject
Global
	GlobalSection(SolutionConfigurationPlatforms) = preSolution
		Debug|Any CPU = Debug|Any CPU
		Release|Any CPU = Release|Any CPU
	EndGlobalSection
	GlobalSection(ProjectConfigurationPlatforms) = postSolution
		{F84EA681-290F-481C-839F-2DA81846A9F1}.Debug|Any CPU.ActiveCfg = Debug|Any CPU
		{F84EA681-290F-481C-839F-2DA81846A9F1}.Debug|Any CPU.Build.0 = Debug|Any CPU
		{F84EA681-290F-481C-839F-2DA81846A9F1}.Release|Any CPU.ActiveCfg = Release|Any CPU
		{F84EA681-290F-481C-839F-2DA81846A9F1}.Release|Any CPU.Build.0 = Release|Any CPU
	EndGlobalSection
	GlobalSection(SolutionProperties) = preSolution
		HideSolutionNode = FALSE
	EndGlobalSection
	GlobalSection(ExtensibilityGlobals) = postSolution
		SolutionGuid = {1FBE4495-47C5-486B-A2B5-8AEA5E281AC5}
	EndGlobalSection
EndGlobal
